
Microsoft Visual Studio Solution File, Format Version 12.00
# Visual Studio Version 16
VisualStudioVersion = 16.0.32106.194
MinimumVisualStudioVersion = 10.0.40219.1
Project("{FAE04EC0-301F-11D3-BF4B-00C04F79EFBC}") = "POSSystem", "POSSystem.csproj", "{A8C8F4E9-2D65-4D10-8897-14CE8ECABE2F}"
EndProject
Project("{FAE04EC0-301F-11D3-BF4B-00C04F79EFBC}") = "POSData", "..\POSData\POSData.csproj", "{CB8A543D-0890-4093-99E7-C03F17979926}"
EndProject
Global
	GlobalSection(SolutionConfigurationPlatforms) = preSolution
		Debug|Any CPU = Debug|Any CPU
		Release|Any CPU = Release|Any CPU
	EndGlobalSection
	GlobalSection(ProjectConfigurationPlatforms) = postSolution
		{A8C8F4E9-2D65-4D10-8897-14CE8ECABE2F}.Debug|Any CPU.ActiveCfg = Debug|Any CPU
		{A8C8F4E9-2D65-4D10-8897-14CE8ECABE2F}.Debug|Any CPU.Build.0 = Debug|Any CPU
		{A8C8F4E9-2D65-4D10-8897-14CE8ECABE2F}.Release|Any CPU.ActiveCfg = Release|Any CPU
		{A8C8F4E9-2D65-4D10-8897-14CE8ECABE2F}.Release|Any CPU.Build.0 = Release|Any CPU
		{CB8A543D-0890-4093-99E7-C03F17979926}.Debug|Any CPU.ActiveCfg = Debug|Any CPU
		{CB8A543D-0890-4093-99E7-C03F17979926}.Debug|Any CPU.Build.0 = Debug|Any CPU
		{CB8A543D-0890-4093-99E7-C03F17979926}.Release|Any CPU.ActiveCfg = Release|Any CPU
		{CB8A543D-0890-4093-99E7-C03F17979926}.Release|Any CPU.Build.0 = Release|Any CPU
	EndGlobalSection
	GlobalSection(SolutionProperties) = preSolution
		HideSolutionNode = FALSE
	EndGlobalSection
	GlobalSection(ExtensibilityGlobals) = postSolution
		SolutionGuid = {E75830F2-F411-41D8-A38E-2A59EA45E99F}
	EndGlobalSection
EndGlobal
